// !$*UTF8*$!
{
	archiveVersion = 1;
	classes = {
	};
	objectVersion = 56;
	objects = {

/* Begin PBXBuildFile section */
		FB063CE42F52191600227638 /* GroundSchoolView.swift in Sources */ = {isa = PBXBuildFile; fileRef = FB063CE32F52191600227638 /* GroundSchoolView.swift */; };
		FB063CE62F521A7400227638 /* Aircraft.swift in Sources */ = {isa = PBXBuildFile; fileRef = FB063CE52F521A7400227638 /* Aircraft.swift */; };
		FB063CE82F521A8800227638 /* Loft.swift in Sources */ = {isa = PBXBuildFile; fileRef = FB063CE72F521A8800227638 /* Loft.swift */; };
		FB063CEE2F521B1A00227638 /* AircraftDetailViewModel.swift in Sources */ = {isa = PBXBuildFile; fileRef = FB063CED2F521B1A00227638 /* AircraftDetailViewModel.swift */; };
		FB063CF12F521B3A00227638 /* AircraftViewModel.swift in Sources */ = {isa = PBXBuildFile; fileRef = FB063CF02F521B3A00227638 /* AircraftViewModel.swift */; };
		FB063CF32F521B4B00227638 /* HomeViewModel.swift in Sources */ = {isa = PBXBuildFile; fileRef = FB063CF22F521B4B00227638 /* HomeViewModel.swift */; };
		FB063CF52F521B5100227638 /* LoftViewModel.swift in Sources */ = {isa = PBXBuildFile; fileRef = FB063CF42F521B5100227638 /* LoftViewModel.swift */; };
		FB063CF82F52304F00227638 /* LoginView.swift in Sources */ = {isa = PBXBuildFile; fileRef = FB063CF72F521B7300227638 /* LoginView.swift */; };
		FB063CF92F52305500227638 /* AircraftDetailView.swift in Sources */ = {isa = PBXBuildFile; fileRef = FB063CEC2F521AFF00227638 /* AircraftDetailView.swift */; };
		FB063CFA2F52305900227638 /* AircraftListView.swift in Sources */ = {isa = PBXBuildFile; fileRef = FB063CEF2F521B2900227638 /* AircraftListView.swift */; };
		FB063CFB2F52305C00227638 /* LoftRootView.swift in Sources */ = {isa = PBXBuildFile; fileRef = FB063CEA2F521AD900227638 /* LoftRootView.swift */; };
		FB063D002F52ACE600227638 /* Quiz.swift in Sources */ = {isa = PBXBuildFile; fileRef = FB063CFF2F52ACE600227638 /* Quiz.swift */; };
		FB063D022F52AD1E00227638 /* QuizViewModel.swift in Sources */ = {isa = PBXBuildFile; fileRef = FB063D012F52AD1E00227638 /* QuizViewModel.swift */; };
		FB063D052F52AD7F00227638 /* QuizAttemptView.swift in Sources */ = {isa = PBXBuildFile; fileRef = FB063D042F52AD7F00227638 /* QuizAttemptView.swift */; };
		FB063D072F52ADD000227638 /* QuizResultView.swift in Sources */ = {isa = PBXBuildFile; fileRef = FB063D062F52ADD000227638 /* QuizResultView.swift */; };
		FB063D0E2F52C9CE00227638 /* ProfileView.swift in Sources */ = {isa = PBXBuildFile; fileRef = FB063D0D2F52C9CE00227638 /* ProfileView.swift */; };
		FB063D102F52D10B00227638 /* LessonDetailView.swift in Sources */ = {isa = PBXBuildFile; fileRef = FB063D0F2F52D10B00227638 /* LessonDetailView.swift */; };
		FB063D122F52D4EC00227638 /* QuizLaunchCard.swift in Sources */ = {isa = PBXBuildFile; fileRef = FB063D112F52D4EC00227638 /* QuizLaunchCard.swift */; };
		FB063D142F534F9E00227638 /* ModuleSignoffBlock.swift in Sources */ = {isa = PBXBuildFile; fileRef = FB063D132F534F9E00227638 /* ModuleSignoffBlock.swift */; };
		FB063D162F53F69A00227638 /* FlightLoad.swift in Sources */ = {isa = PBXBuildFile; fileRef = FB063D152F53F69A00227638 /* FlightLoad.swift */; };
		FB063D182F53F6CF00227638 /* PaxViewModel.swift in Sources */ = {isa = PBXBuildFile; fileRef = FB063D172F53F6CF00227638 /* PaxViewModel.swift */; };
		FB063D1A2F53F92300227638 /* PaxView.swift in Sources */ = {isa = PBXBuildFile; fileRef = FB063D192F53F92300227638 /* PaxView.swift */; };
		FB063D1C2F54AB7600227638 /* RoleHelpers.swift in Sources */ = {isa = PBXBuildFile; fileRef = FB063D1B2F54AB7600227638 /* RoleHelpers.swift */; };
		FB063D1E2F54AB9B00227638 /* AviationRootView.swift in Sources */ = {isa = PBXBuildFile; fileRef = FB063D1D2F54AB9B00227638 /* AviationRootView.swift */; };
		FB063D202F54BB010227638 /* SkydiverLogbook.swift in Sources */ = {isa = PBXBuildFile; fileRef = FB063D1F2F54BB010227638 /* SkydiverLogbook.swift */; };
		FB063D212F54BB020227638 /* LogbookViewModel.swift in Sources */ = {isa = PBXBuildFile; fileRef = FB063D232F54BB020227638 /* LogbookViewModel.swift */; };
		FB063D222F54BB030227638 /* LogbookView.swift in Sources */ = {isa = PBXBuildFile; fileRef = FB063D242F54BB030227638 /* LogbookView.swift */; };
		FB063D262F54BB040227638 /* LogbookRootView.swift in Sources */ = {isa = PBXBuildFile; fileRef = FB063D252F54BB040227638 /* LogbookRootView.swift */; };
		FB063D282F54BB100227638 /* UsersView.swift in Sources */ = {isa = PBXBuildFile; fileRef = FB063D292F54BB100227638 /* UsersView.swift */; };
		FB063D2B2F54BB120227638 /* UserDetailView.swift in Sources */ = {isa = PBXBuildFile; fileRef = FB063D2C2F54BB120227638 /* UserDetailView.swift */; };
		FB063D2D2F54BB130227638 /* UserAddView.swift in Sources */ = {isa = PBXBuildFile; fileRef = FB063D2E2F54BB130227638 /* UserAddView.swift */; };
		FB063D302F54BB200227638 /* MyRigsView.swift in Sources */ = {isa = PBXBuildFile; fileRef = FB063D2F2F54BB200227638 /* MyRigsView.swift */; };
		FB063D342F54BB210227638 /* DzRigsView.swift in Sources */ = {isa = PBXBuildFile; fileRef = FB063D332F54BB210227638 /* DzRigsView.swift */; };
		FB063D362F54BB220227638 /* MyRigsViewModel.swift in Sources */ = {isa = PBXBuildFile; fileRef = FB063D352F54BB220227638 /* MyRigsViewModel.swift */; };
		FB063D382F54BB230227638 /* DzRigsViewModel.swift in Sources */ = {isa = PBXBuildFile; fileRef = FB063D372F54BB230227638 /* DzRigsViewModel.swift */; };
		FB063D3A2F54BB260227638 /* JumpCheckView.swift in Sources */ = {isa = PBXBuildFile; fileRef = FB063D392F54BB260227638 /* JumpCheckView.swift */; };
		FB063D3C2F54BB280227638 /* JumpCheckViewModel.swift in Sources */ = {isa = PBXBuildFile; fileRef = FB063D3B2F54BB280227638 /* JumpCheckViewModel.swift */; };
		FB063D3D2F54BB240227638 /* DzRigDetailView.swift in Sources */ = {isa = PBXBuildFile; fileRef = FB063D3E2F54BB250227638 /* DzRigDetailView.swift */; };
		FB063D412F54BB260227638 /* RigsView.swift in Sources */ = {isa = PBXBuildFile; fileRef = FB063D422F54BB270227638 /* RigsView.swift */; };
		FB063E012F56000100022763 /* LMSEditModels.swift in Sources */ = {isa = PBXBuildFile; fileRef = FB063E002F56000100022763 /* LMSEditModels.swift */; };
		FB063E022F56000100022763 /* LMSEditService.swift in Sources */ = {isa = PBXBuildFile; fileRef = FB063E032F56000100022763 /* LMSEditService.swift */; };
		FB063E042F56000100022763 /* LMSEditRootView.swift in Sources */ = {isa = PBXBuildFile; fileRef = FB063E052F56000100022763 /* LMSEditRootView.swift */; };
		FB063F002F56000200022763 /* CalendarModels.swift in Sources */ = {isa = PBXBuildFile; fileRef = FB063F012F56000200022763 /* CalendarModels.swift */; };
		FB063F022F56000200022763 /* CalendarAPIService.swift in Sources */ = {isa = PBXBuildFile; fileRef = FB063F032F56000200022763 /* CalendarAPIService.swift */; };
		FB063F042F56000200022763 /* CalendarViewModel.swift in Sources */ = {isa = PBXBuildFile; fileRef = FB063F052F56000200022763 /* CalendarViewModel.swift */; };
		FB063F062F56000200022763 /* CalendarRootView.swift in Sources */ = {isa = PBXBuildFile; fileRef = FB063F072F56000200022763 /* CalendarRootView.swift */; };
		FB063F082F56000200022763 /* EventsView.swift in Sources */ = {isa = PBXBuildFile; fileRef = FB063F092F56000200022763 /* EventsView.swift */; };
		FB063F0A2F56000200022763 /* ShiftsView.swift in Sources */ = {isa = PBXBuildFile; fileRef = FB063F0B2F56000200022763 /* ShiftsView.swift */; };
		FB063F0C2F56000200022764 /* DZStatusUpdateView.swift in Sources */ = {isa = PBXBuildFile; fileRef = FB063F0D2F56000200022764 /* DZStatusUpdateView.swift */; };
		FB063F0E2F56000200022765 /* NotificationsView.swift in Sources */ = {isa = PBXBuildFile; fileRef = FB063F0F2F56000200022765 /* NotificationsView.swift */; };
		FB063F122F56000200022763 /* TodosView.swift in Sources */ = {isa = PBXBuildFile; fileRef = FB063F132F56000200022763 /* TodosView.swift */; };
		FB063F162F56000200022763 /* ShiftsRootView.swift in Sources */ = {isa = PBXBuildFile; fileRef = FB063F172F56000200022763 /* ShiftsRootView.swift */; };
		FB367C542F510E6100FBAD05 /* Assets.xcassets in Resources */ = {isa = PBXBuildFile; fileRef = FB367C532F510E6100FBAD05 /* Assets.xcassets */; };
		FB367C572F510E6100FBAD05 /* Preview Assets.xcassets in Resources */ = {isa = PBXBuildFile; fileRef = FB367C562F510E6100FBAD05 /* Preview Assets.xcassets */; };
		FB367DCC2F52007600FBAD05 /* MalfunctionDZApp.swift in Sources */ = {isa = PBXBuildFile; fileRef = FB367DCB2F52007600FBAD05 /* MalfunctionDZApp.swift */; };
		FB367DCF2F5201DB00FBAD05 /* HomeView.swift in Sources */ = {isa = PBXBuildFile; fileRef = FB367DCE2F5201DB00FBAD05 /* HomeView.swift */; };
		FB367DD12F52032300FBAD05 /* Foundation.swift in Sources */ = {isa = PBXBuildFile; fileRef = FB367DD02F52032300FBAD05 /* Foundation.swift */; };
		FB367DD52F52169D00FBAD05 /* LMS.swift in Sources */ = {isa = PBXBuildFile; fileRef = FB367DD42F52169D00FBAD05 /* LMS.swift */; };
		FBD783602F5217F800F5EBCD /* GroundSchoolViewModel.swift in Sources */ = {isa = PBXBuildFile; fileRef = FBD7835F2F5217F800F5EBCD /* GroundSchoolViewModel.swift */; };
		FBFAB35A2F54FF3E0046027A /* PilotCurrencyCard.swift in Sources */ = {isa = PBXBuildFile; fileRef = FBFAB3592F54FF3E0046027A /* PilotCurrencyCard.swift */; };
/* End PBXBuildFile section */

/* Begin PBXFileReference section */
		FB063CE32F52191600227638 /* GroundSchoolView.swift */ = {isa = PBXFileReference; lastKnownFileType = sourcecode.swift; path = GroundSchoolView.swift; sourceTree = "<group>"; };
		FB063CE52F521A7400227638 /* Aircraft.swift */ = {isa = PBXFileReference; lastKnownFileType = sourcecode.swift; path = Aircraft.swift; sourceTree = "<group>"; };
		FB063CE72F521A8800227638 /* Loft.swift */ = {isa = PBXFileReference; lastKnownFileType = sourcecode.swift; path = Loft.swift; sourceTree = "<group>"; };
		FB063CEA2F521AD900227638 /* LoftRootView.swift */ = {isa = PBXFileReference; lastKnownFileType = sourcecode.swift; path = LoftRootView.swift; sourceTree = "<group>"; };
		FB063CEC2F521AFF00227638 /* AircraftDetailView.swift */ = {isa = PBXFileReference; lastKnownFileType = sourcecode.swift; path = AircraftDetailView.swift; sourceTree = "<group>"; };
		FB063CED2F521B1A00227638 /* AircraftDetailViewModel.swift */ = {isa = PBXFileReference; lastKnownFileType = sourcecode.swift; path = AircraftDetailViewModel.swift; sourceTree = "<group>"; };
		FB063CEF2F521B2900227638 /* AircraftListView.swift */ = {isa = PBXFileReference; lastKnownFileType = sourcecode.swift; path = AircraftListView.swift; sourceTree = "<group>"; };
		FB063CF02F521B3A00227638 /* AircraftViewModel.swift */ = {isa = PBXFileReference; lastKnownFileType = sourcecode.swift; path = AircraftViewModel.swift; sourceTree = "<group>"; };
		FB063CF22F521B4B00227638 /* HomeViewModel.swift */ = {isa = PBXFileReference; lastKnownFileType = sourcecode.swift; path = HomeViewModel.swift; sourceTree = "<group>"; };
		FB063CF42F521B5100227638 /* LoftViewModel.swift */ = {isa = PBXFileReference; lastKnownFileType = sourcecode.swift; path = LoftViewModel.swift; sourceTree = "<group>"; };
		FB063CF72F521B7300227638 /* LoginView.swift */ = {isa = PBXFileReference; lastKnownFileType = sourcecode.swift; path = LoginView.swift; sourceTree = "<group>"; };
		FB063CFF2F52ACE600227638 /* Quiz.swift */ = {isa = PBXFileReference; lastKnownFileType = sourcecode.swift; path = Quiz.swift; sourceTree = "<group>"; };
		FB063D012F52AD1E00227638 /* QuizViewModel.swift */ = {isa = PBXFileReference; lastKnownFileType = sourcecode.swift; path = QuizViewModel.swift; sourceTree = "<group>"; };
		FB063D042F52AD7F00227638 /* QuizAttemptView.swift */ = {isa = PBXFileReference; lastKnownFileType = sourcecode.swift; path = QuizAttemptView.swift; sourceTree = "<group>"; };
		FB063D062F52ADD000227638 /* QuizResultView.swift */ = {isa = PBXFileReference; lastKnownFileType = sourcecode.swift; path = QuizResultView.swift; sourceTree = "<group>"; };
		FB063D0D2F52C9CE00227638 /* ProfileView.swift */ = {isa = PBXFileReference; lastKnownFileType = sourcecode.swift; path = ProfileView.swift; sourceTree = "<group>"; };
		FB063D0F2F52D10B00227638 /* LessonDetailView.swift */ = {isa = PBXFileReference; lastKnownFileType = sourcecode.swift; path = LessonDetailView.swift; sourceTree = "<group>"; };
		FB063D112F52D4EC00227638 /* QuizLaunchCard.swift */ = {isa = PBXFileReference; lastKnownFileType = sourcecode.swift; path = QuizLaunchCard.swift; sourceTree = "<group>"; };
		FB063D132F534F9E00227638 /* ModuleSignoffBlock.swift */ = {isa = PBXFileReference; lastKnownFileType = sourcecode.swift; path = ModuleSignoffBlock.swift; sourceTree = "<group>"; };
		FB063D152F53F69A00227638 /* FlightLoad.swift */ = {isa = PBXFileReference; lastKnownFileType = sourcecode.swift; path = FlightLoad.swift; sourceTree = "<group>"; };
		FB063D172F53F6CF00227638 /* PaxViewModel.swift */ = {isa = PBXFileReference; lastKnownFileType = sourcecode.swift; path = PaxViewModel.swift; sourceTree = "<group>"; };
		FB063D192F53F92300227638 /* PaxView.swift */ = {isa = PBXFileReference; lastKnownFileType = sourcecode.swift; path = PaxView.swift; sourceTree = "<group>"; };
		FB063D1B2F54AB7600227638 /* RoleHelpers.swift */ = {isa = PBXFileReference; lastKnownFileType = sourcecode.swift; path = RoleHelpers.swift; sourceTree = "<group>"; };
		FB063D1D2F54AB9B00227638 /* AviationRootView.swift */ = {isa = PBXFileReference; lastKnownFileType = sourcecode.swift; path = AviationRootView.swift; sourceTree = "<group>"; };
		FB063D1F2F54BB010227638 /* SkydiverLogbook.swift */ = {isa = PBXFileReference; lastKnownFileType = sourcecode.swift; path = SkydiverLogbook.swift; sourceTree = "<group>"; };
		FB063D232F54BB020227638 /* LogbookViewModel.swift */ = {isa = PBXFileReference; lastKnownFileType = sourcecode.swift; path = LogbookViewModel.swift; sourceTree = "<group>"; };
		FB063D242F54BB030227638 /* LogbookView.swift */ = {isa = PBXFileReference; lastKnownFileType = sourcecode.swift; path = LogbookView.swift; sourceTree = "<group>"; };
		FB063D252F54BB040227638 /* LogbookRootView.swift */ = {isa = PBXFileReference; lastKnownFileType = sourcecode.swift; path = LogbookRootView.swift; sourceTree = "<group>"; };
		FB063D292F54BB100227638 /* UsersView.swift */ = {isa = PBXFileReference; lastKnownFileType = sourcecode.swift; path = UsersView.swift; sourceTree = "<group>"; };
		FB063D2C2F54BB120227638 /* UserDetailView.swift */ = {isa = PBXFileReference; lastKnownFileType = sourcecode.swift; path = UserDetailView.swift; sourceTree = "<group>"; };
		FB063D2E2F54BB130227638 /* UserAddView.swift */ = {isa = PBXFileReference; lastKnownFileType = sourcecode.swift; path = UserAddView.swift; sourceTree = "<group>"; };
		FB063D2F2F54BB200227638 /* MyRigsView.swift */ = {isa = PBXFileReference; lastKnownFileType = sourcecode.swift; path = MyRigsView.swift; sourceTree = "<group>"; };
		FB063D332F54BB210227638 /* DzRigsView.swift */ = {isa = PBXFileReference; lastKnownFileType = sourcecode.swift; path = DzRigsView.swift; sourceTree = "<group>"; };
		FB063D352F54BB220227638 /* MyRigsViewModel.swift */ = {isa = PBXFileReference; lastKnownFileType = sourcecode.swift; path = MyRigsViewModel.swift; sourceTree = "<group>"; };
		FB063D372F54BB230227638 /* DzRigsViewModel.swift */ = {isa = PBXFileReference; lastKnownFileType = sourcecode.swift; path = DzRigsViewModel.swift; sourceTree = "<group>"; };
		FB063D392F54BB260227638 /* JumpCheckView.swift */ = {isa = PBXFileReference; lastKnownFileType = sourcecode.swift; path = JumpCheckView.swift; sourceTree = "<group>"; };
		FB063D3B2F54BB280227638 /* JumpCheckViewModel.swift */ = {isa = PBXFileReference; lastKnownFileType = sourcecode.swift; path = JumpCheckViewModel.swift; sourceTree = "<group>"; };
		FB063D3E2F54BB250227638 /* DzRigDetailView.swift */ = {isa = PBXFileReference; lastKnownFileType = sourcecode.swift; path = DzRigDetailView.swift; sourceTree = "<group>"; };
		FB063D422F54BB270227638 /* RigsView.swift */ = {isa = PBXFileReference; lastKnownFileType = sourcecode.swift; path = RigsView.swift; sourceTree = "<group>"; };
		FB063E002F56000100022763 /* LMSEditModels.swift */ = {isa = PBXFileReference; lastKnownFileType = sourcecode.swift; path = LMSEditModels.swift; sourceTree = "<group>"; };
		FB063E032F56000100022763 /* LMSEditService.swift */ = {isa = PBXFileReference; lastKnownFileType = sourcecode.swift; path = LMSEditService.swift; sourceTree = "<group>"; };
		FB063E052F56000100022763 /* LMSEditRootView.swift */ = {isa = PBXFileReference; lastKnownFileType = sourcecode.swift; path = LMSEditRootView.swift; sourceTree = "<group>"; };
		FB063F012F56000200022763 /* CalendarModels.swift */ = {isa = PBXFileReference; lastKnownFileType = sourcecode.swift; path = CalendarModels.swift; sourceTree = "<group>"; };
		FB063F032F56000200022763 /* CalendarAPIService.swift */ = {isa = PBXFileReference; lastKnownFileType = sourcecode.swift; path = CalendarAPIService.swift; sourceTree = "<group>"; };
		FB063F052F56000200022763 /* CalendarViewModel.swift */ = {isa = PBXFileReference; lastKnownFileType = sourcecode.swift; path = CalendarViewModel.swift; sourceTree = "<group>"; };
		FB063F072F56000200022763 /* CalendarRootView.swift */ = {isa = PBXFileReference; lastKnownFileType = sourcecode.swift; path = CalendarRootView.swift; sourceTree = "<group>"; };
		FB063F092F56000200022763 /* EventsView.swift */ = {isa = PBXFileReference; lastKnownFileType = sourcecode.swift; path = EventsView.swift; sourceTree = "<group>"; };
		FB063F0B2F56000200022763 /* ShiftsView.swift */ = {isa = PBXFileReference; lastKnownFileType = sourcecode.swift; path = ShiftsView.swift; sourceTree = "<group>"; };
		FB063F0D2F56000200022764 /* DZStatusUpdateView.swift */ = {isa = PBXFileReference; lastKnownFileType = sourcecode.swift; path = DZStatusUpdateView.swift; sourceTree = "<group>"; };
		FB063F0D2F56000300022763 /* Info.plist */ = {isa = PBXFileReference; lastKnownFileType = text.plist.xml; path = Info.plist; sourceTree = "<group>"; };
		FB063F0F2F56000200022765 /* NotificationsView.swift */ = {isa = PBXFileReference; lastKnownFileType = sourcecode.swift; path = NotificationsView.swift; sourceTree = "<group>"; };
		FB063F132F56000200022763 /* TodosView.swift */ = {isa = PBXFileReference; lastKnownFileType = sourcecode.swift; path = TodosView.swift; sourceTree = "<group>"; };
		FB063F172F56000200022763 /* ShiftsRootView.swift */ = {isa = PBXFileReference; lastKnownFileType = sourcecode.swift; path = ShiftsRootView.swift; sourceTree = "<group>"; };
		FB367C4C2F510E6000FBAD05 /* MalfunctionDZ.app */ = {isa = PBXFileReference; explicitFileType = wrapper.application; includeInIndex = 0; path = MalfunctionDZ.app; sourceTree = BUILT_PRODUCTS_DIR; };
		FB367C532F510E6100FBAD05 /* Assets.xcassets */ = {isa = PBXFileReference; lastKnownFileType = folder.assetcatalog; path = Assets.xcassets; sourceTree = "<group>"; };
		FB367C562F510E6100FBAD05 /* Preview Assets.xcassets */ = {isa = PBXFileReference; lastKnownFileType = folder.assetcatalog; path = "Preview Assets.xcassets"; sourceTree = "<group>"; };
		FB367DCB2F52007600FBAD05 /* MalfunctionDZApp.swift */ = {isa = PBXFileReference; lastKnownFileType = sourcecode.swift; path = MalfunctionDZApp.swift; sourceTree = "<group>"; };
		FB367DCE2F5201DB00FBAD05 /* HomeView.swift */ = {isa = PBXFileReference; lastKnownFileType = sourcecode.swift; path = HomeView.swift; sourceTree = "<group>"; };
		FB367DD02F52032300FBAD05 /* Foundation.swift */ = {isa = PBXFileReference; lastKnownFileType = sourcecode.swift; name = Foundation.swift; path = ../App/Foundation.swift; sourceTree = "<group>"; };
		FB367DD42F52169D00FBAD05 /* LMS.swift */ = {isa = PBXFileReference; lastKnownFileType = sourcecode.swift; path = LMS.swift; sourceTree = "<group>"; };
		FBD7835F2F5217F800F5EBCD /* GroundSchoolViewModel.swift */ = {isa = PBXFileReference; lastKnownFileType = sourcecode.swift; path = GroundSchoolViewModel.swift; sourceTree = "<group>"; };
		FBFAB3592F54FF3E0046027A /* PilotCurrencyCard.swift */ = {isa = PBXFileReference; lastKnownFileType = sourcecode.swift; path = PilotCurrencyCard.swift; sourceTree = "<group>"; };
		FBFFF0E42F58BC1F009895AE /* MalfunctionDZ.entitlements */ = {isa = PBXFileReference; lastKnownFileType = text.plist.entitlements; path = MalfunctionDZ.entitlements; sourceTree = "<group>"; };
/* End PBXFileReference section */

/* Begin PBXFrameworksBuildPhase section */
		FB367C492F510E6000FBAD05 /* Frameworks */ = {
			isa = PBXFrameworksBuildPhase;
			buildActionMask = 2147483647;
			files = (
			);
			runOnlyForDeploymentPostprocessing = 0;
		};
/* End PBXFrameworksBuildPhase section */

/* Begin PBXGroup section */
		FB063CE22F5218F900227638 /* GroundSchool */ = {
			isa = PBXGroup;
			children = (
				FB063CE32F52191600227638 /* GroundSchoolView.swift */,
				FB063D0F2F52D10B00227638 /* LessonDetailView.swift */,
				FB063D242F54BB030227638 /* LogbookView.swift */,
				FB063D112F52D4EC00227638 /* QuizLaunchCard.swift */,
				FB063D132F534F9E00227638 /* ModuleSignoffBlock.swift */,
				FB063E052F56000100022763 /* LMSEditRootView.swift */,
			);
			path = GroundSchool;
			sourceTree = "<group>";
		};
		FB063CE92F521A9D00227638 /* Loft */ = {
			isa = PBXGroup;
			children = (
				FB063CEA2F521AD900227638 /* LoftRootView.swift */,
				FB063D2F2F54BB200227638 /* MyRigsView.swift */,
				FB063D332F54BB210227638 /* DzRigsView.swift */,
				FB063D3E2F54BB250227638 /* DzRigDetailView.swift */,
				FB063D422F54BB270227638 /* RigsView.swift */,
			);
			path = Loft;
			sourceTree = "<group>";
		};
		FB063CEB2F521AF600227638 /* Aircraft */ = {
			isa = PBXGroup;
			children = (
				FB063CEC2F521AFF00227638 /* AircraftDetailView.swift */,
				FB063CEF2F521B2900227638 /* AircraftListView.swift */,
				FB063D192F53F92300227638 /* PaxView.swift */,
				FB063D1D2F54AB9B00227638 /* AviationRootView.swift */,
			);
			path = Aircraft;
			sourceTree = "<group>";
		};
		FB063CF62F521B6C00227638 /* Auth */ = {
			isa = PBXGroup;
			children = (
				FB063CF72F521B7300227638 /* LoginView.swift */,
			);
			path = Auth;
			sourceTree = "<group>";
		};
		FB063CFC2F5231DE00227638 /* Profile */ = {
			isa = PBXGroup;
			children = (
				FB063D0D2F52C9CE00227638 /* ProfileView.swift */,
			);
			path = Profile;
			sourceTree = "<group>";
		};
		FB063D032F52AD6B00227638 /* Quiz */ = {
			isa = PBXGroup;
			children = (
				FB063D042F52AD7F00227638 /* QuizAttemptView.swift */,
				FB063D062F52ADD000227638 /* QuizResultView.swift */,
			);
			path = Quiz;
			sourceTree = "<group>";
		};
		FB063D272F54BB050227638 /* Logbook */ = {
			isa = PBXGroup;
			children = (
				FB063D252F54BB040227638 /* LogbookRootView.swift */,
			);
			path = Logbook;
			sourceTree = "<group>";
		};
		FB063D2A2F54BB110227638 /* Users */ = {
			isa = PBXGroup;
			children = (
				FB063D292F54BB100227638 /* UsersView.swift */,
				FB063D2C2F54BB120227638 /* UserDetailView.swift */,
				FB063D2E2F54BB130227638 /* UserAddView.swift */,
				FB063D392F54BB260227638 /* JumpCheckView.swift */,
			);
			path = Users;
			sourceTree = "<group>";
		};
		FB063F0C2F56000200022763 /* Calendar */ = {
			isa = PBXGroup;
			children = (
				FB063F072F56000200022763 /* CalendarRootView.swift */,
				FB063F092F56000200022763 /* EventsView.swift */,
				FB063F0B2F56000200022763 /* ShiftsView.swift */,
				FB063F132F56000200022763 /* TodosView.swift */,
				FB063F0D2F56000200022764 /* DZStatusUpdateView.swift */,
			);
			path = Calendar;
			sourceTree = "<group>";
		};
		FB063F102F56000200022766 /* Notifications */ = {
			isa = PBXGroup;
			children = (
				FB063F0F2F56000200022765 /* NotificationsView.swift */,
			);
			path = Notifications;
			sourceTree = "<group>";
		};
		FB063F142F56000200022763 /* Shifts */ = {
			isa = PBXGroup;
			children = (
				FB063F172F56000200022763 /* ShiftsRootView.swift */,
			);
			path = Shifts;
			sourceTree = "<group>";
		};
		FB367C432F510E6000FBAD05 = {
			isa = PBXGroup;
			children = (
				FB367C4E2F510E6000FBAD05 /* MalfunctionDZ */,
				FB367C4D2F510E6000FBAD05 /* Products */,
			);
			sourceTree = "<group>";
		};
		FB367C4D2F510E6000FBAD05 /* Products */ = {
			isa = PBXGroup;
			children = (
				FB367C4C2F510E6000FBAD05 /* MalfunctionDZ.app */,
			);
			name = Products;
			sourceTree = "<group>";
		};
		FB367C4E2F510E6000FBAD05 /* MalfunctionDZ */ = {
			isa = PBXGroup;
			children = (
				FBFFF0E42F58BC1F009895AE /* MalfunctionDZ.entitlements */,
				FB367DC52F51FECB00FBAD05 /* App */,
				FB367DC32F51FD3A00FBAD05 /* Models */,
				FB367DD32F52037A00FBAD05 /* ViewModels */,
				FB367DC62F51FED600FBAD05 /* Services */,
				FB367DC42F51FD4800FBAD05 /* Views */,
				FB367C532F510E6100FBAD05 /* Assets.xcassets */,
				FB063F0D2F56000300022763 /* Info.plist */,
				FB367C552F510E6100FBAD05 /* Preview Content */,
			);
			path = MalfunctionDZ;
			sourceTree = "<group>";
		};
		FB367C552F510E6100FBAD05 /* Preview Content */ = {
			isa = PBXGroup;
			children = (
				FB367C562F510E6100FBAD05 /* Preview Assets.xcassets */,
			);
			path = "Preview Content";
			sourceTree = "<group>";
		};
		FB367DC32F51FD3A00FBAD05 /* Models */ = {
			isa = PBXGroup;
			children = (
				FB063CE52F521A7400227638 /* Aircraft.swift */,
				FB063F012F56000200022763 /* CalendarModels.swift */,
				FB063CE72F521A8800227638 /* Loft.swift */,
				FB367DD42F52169D00FBAD05 /* LMS.swift */,
				FB063CFF2F52ACE600227638 /* Quiz.swift */,
				FB063D152F53F69A00227638 /* FlightLoad.swift */,
				FB063D1F2F54BB010227638 /* SkydiverLogbook.swift */,
				FB063E002F56000100022763 /* LMSEditModels.swift */,
			);
			path = Models;
			sourceTree = "<group>";
		};
		FB367DC42F51FD4800FBAD05 /* Views */ = {
			isa = PBXGroup;
			children = (
				FB063F102F56000200022766 /* Notifications */,
				FB063D032F52AD6B00227638 /* Quiz */,
				FB063CFC2F5231DE00227638 /* Profile */,
				FB063D2A2F54BB110227638 /* Users */,
				FB063CF62F521B6C00227638 /* Auth */,
				FB063CEB2F521AF600227638 /* Aircraft */,
				FB063CE92F521A9D00227638 /* Loft */,
				FB063D272F54BB050227638 /* Logbook */,
				FB063F0C2F56000200022763 /* Calendar */,
				FB063F142F56000200022763 /* Shifts */,
				FB063CE22F5218F900227638 /* GroundSchool */,
				FB367DCD2F5201C600FBAD05 /* Home */,
			);
			path = Views;
			sourceTree = "<group>";
		};
		FB367DC52F51FECB00FBAD05 /* App */ = {
			isa = PBXGroup;
			children = (
				FB367DCB2F52007600FBAD05 /* MalfunctionDZApp.swift */,
			);
			path = App;
			sourceTree = "<group>";
		};
		FB367DC62F51FED600FBAD05 /* Services */ = {
			isa = PBXGroup;
			children = (
				FB063F032F56000200022763 /* CalendarAPIService.swift */,
				FB367DD02F52032300FBAD05 /* Foundation.swift */,
				FB063D1B2F54AB7600227638 /* RoleHelpers.swift */,
				FB063E032F56000100022763 /* LMSEditService.swift */,
			);
			path = Services;
			sourceTree = "<group>";
		};
		FB367DCD2F5201C600FBAD05 /* Home */ = {
			isa = PBXGroup;
			children = (
				FB367DCE2F5201DB00FBAD05 /* HomeView.swift */,
				FBFAB3592F54FF3E0046027A /* PilotCurrencyCard.swift */,
			);
			path = Home;
			sourceTree = "<group>";
		};
		FB367DD32F52037A00FBAD05 /* ViewModels */ = {
			isa = PBXGroup;
			children = (
				FB063CED2F521B1A00227638 /* AircraftDetailViewModel.swift */,
				FB063CF02F521B3A00227638 /* AircraftViewModel.swift */,
				FB063F052F56000200022763 /* CalendarViewModel.swift */,
				FBD7835F2F5217F800F5EBCD /* GroundSchoolViewModel.swift */,
				FB063D232F54BB020227638 /* LogbookViewModel.swift */,
				FB063CF22F521B4B00227638 /* HomeViewModel.swift */,
				FB063CF42F521B5100227638 /* LoftViewModel.swift */,
				FB063D352F54BB220227638 /* MyRigsViewModel.swift */,
				FB063D372F54BB230227638 /* DzRigsViewModel.swift */,
				FB063D3B2F54BB280227638 /* JumpCheckViewModel.swift */,
				FB063D012F52AD1E00227638 /* QuizViewModel.swift */,
				FB063D172F53F6CF00227638 /* PaxViewModel.swift */,
			);
			path = ViewModels;
			sourceTree = "<group>";
		};
/* End PBXGroup section */

/* Begin PBXNativeTarget section */
		FB367C4B2F510E6000FBAD05 /* MalfunctionDZ */ = {
			isa = PBXNativeTarget;
			buildConfigurationList = FB367C5A2F510E6100FBAD05 /* Build configuration list for PBXNativeTarget "MalfunctionDZ" */;
			buildPhases = (
				FB367C482F510E6000FBAD05 /* Sources */,
				FB367C492F510E6000FBAD05 /* Frameworks */,
				FB367C4A2F510E6000FBAD05 /* Resources */,
			);
			buildRules = (
			);
			dependencies = (
			);
			name = MalfunctionDZ;
			productName = MalfunctionDZ;
			productReference = FB367C4C2F510E6000FBAD05 /* MalfunctionDZ.app */;
			productType = "com.apple.product-type.application";
		};
/* End PBXNativeTarget section */

/* Begin PBXProject section */
		FB367C442F510E6000FBAD05 /* Project object */ = {
			isa = PBXProject;
			attributes = {
				BuildIndependentTargetsInParallel = 1;
				LastSwiftUpdateCheck = 1540;
				LastUpgradeCheck = 1540;
				TargetAttributes = {
					FB367C4B2F510E6000FBAD05 = {
						CreatedOnToolsVersion = 15.4;
						LastSwiftMigration = 1540;
					};
				};
			};
			buildConfigurationList = FB367C472F510E6000FBAD05 /* Build configuration list for PBXProject "MalfunctionDZ" */;
			compatibilityVersion = "Xcode 14.0";
			developmentRegion = en;
			hasScannedForEncodings = 0;
			knownRegions = (
				en,
				Base,
			);
			mainGroup = FB367C432F510E6000FBAD05;
			productRefGroup = FB367C4D2F510E6000FBAD05 /* Products */;
			projectDirPath = "";
			projectRoot = "";
			targets = (
				FB367C4B2F510E6000FBAD05 /* MalfunctionDZ */,
			);
		};
/* End PBXProject section */

/* Begin PBXResourcesBuildPhase section */
		FB367C4A2F510E6000FBAD05 /* Resources */ = {
			isa = PBXResourcesBuildPhase;
			buildActionMask = 2147483647;
			files = (
				FB367C572F510E6100FBAD05 /* Preview Assets.xcassets in Resources */,
				FB367C542F510E6100FBAD05 /* Assets.xcassets in Resources */,
			);
			runOnlyForDeploymentPostprocessing = 0;
		};
/* End PBXResourcesBuildPhase section */

/* Begin PBXSourcesBuildPhase section */
		FB367C482F510E6000FBAD05 /* Sources */ = {
			isa = PBXSourcesBuildPhase;
			buildActionMask = 2147483647;
			files = (
				FB063D142F534F9E00227638 /* ModuleSignoffBlock.swift in Sources */,
				FB063D202F54BB010227638 /* SkydiverLogbook.swift in Sources */,
				FB063D212F54BB020227638 /* LogbookViewModel.swift in Sources */,
				FB063D222F54BB030227638 /* LogbookView.swift in Sources */,
				FB063D262F54BB040227638 /* LogbookRootView.swift in Sources */,
				FBFAB35A2F54FF3E0046027A /* PilotCurrencyCard.swift in Sources */,
				FB063CF52F521B5100227638 /* LoftViewModel.swift in Sources */,
				FB063CFB2F52305C00227638 /* LoftRootView.swift in Sources */,
				FB063D302F54BB200227638 /* MyRigsView.swift in Sources */,
				FB063D342F54BB210227638 /* DzRigsView.swift in Sources */,
				FB063D3D2F54BB240227638 /* DzRigDetailView.swift in Sources */,
				FB063D412F54BB260227638 /* RigsView.swift in Sources */,
				FB063D362F54BB220227638 /* MyRigsViewModel.swift in Sources */,
				FB063D382F54BB230227638 /* DzRigsViewModel.swift in Sources */,
				FB063D3A2F54BB260227638 /* JumpCheckView.swift in Sources */,
				FB063D3C2F54BB280227638 /* JumpCheckViewModel.swift in Sources */,
				FB367DD12F52032300FBAD05 /* Foundation.swift in Sources */,
				FB063D102F52D10B00227638 /* LessonDetailView.swift in Sources */,
				FB063CEE2F521B1A00227638 /* AircraftDetailViewModel.swift in Sources */,
				FB063D182F53F6CF00227638 /* PaxViewModel.swift in Sources */,
				FB063CF92F52305500227638 /* AircraftDetailView.swift in Sources */,
				FB063CE62F521A7400227638 /* Aircraft.swift in Sources */,
				FB063CFA2F52305900227638 /* AircraftListView.swift in Sources */,
				FB063CE82F521A8800227638 /* Loft.swift in Sources */,
				FB063D022F52AD1E00227638 /* QuizViewModel.swift in Sources */,
				FB063D072F52ADD000227638 /* QuizResultView.swift in Sources */,
				FB063D162F53F69A00227638 /* FlightLoad.swift in Sources */,
				FB063D002F52ACE600227638 /* Quiz.swift in Sources */,
				FB367DD52F52169D00FBAD05 /* LMS.swift in Sources */,
				FB063D122F52D4EC00227638 /* QuizLaunchCard.swift in Sources */,
				FB063D052F52AD7F00227638 /* QuizAttemptView.swift in Sources */,
				FB063D1A2F53F92300227638 /* PaxView.swift in Sources */,
				FBD783602F5217F800F5EBCD /* GroundSchoolViewModel.swift in Sources */,
				FB063D1E2F54AB9B00227638 /* AviationRootView.swift in Sources */,
				FB367DCC2F52007600FBAD05 /* MalfunctionDZApp.swift in Sources */,
				FB063D1C2F54AB7600227638 /* RoleHelpers.swift in Sources */,
				FB063CF12F521B3A00227638 /* AircraftViewModel.swift in Sources */,
				FB063CF32F521B4B00227638 /* HomeViewModel.swift in Sources */,
				FB063CF82F52304F00227638 /* LoginView.swift in Sources */,
				FB367DCF2F5201DB00FBAD05 /* HomeView.swift in Sources */,
				FB063D0E2F52C9CE00227638 /* ProfileView.swift in Sources */,
				FB063CE42F52191600227638 /* GroundSchoolView.swift in Sources */,
				FB063D282F54BB100227638 /* UsersView.swift in Sources */,
				FB063D2B2F54BB120227638 /* UserDetailView.swift in Sources */,
				FB063D2D2F54BB130227638 /* UserAddView.swift in Sources */,
				FB063E012F56000100022763 /* LMSEditModels.swift in Sources */,
				FB063E022F56000100022763 /* LMSEditService.swift in Sources */,
				FB063E042F56000100022763 /* LMSEditRootView.swift in Sources */,
				FB063F002F56000200022763 /* CalendarModels.swift in Sources */,
				FB063F022F56000200022763 /* CalendarAPIService.swift in Sources */,
				FB063F042F56000200022763 /* CalendarViewModel.swift in Sources */,
				FB063F062F56000200022763 /* CalendarRootView.swift in Sources */,
				FB063F082F56000200022763 /* EventsView.swift in Sources */,
				FB063F0A2F56000200022763 /* ShiftsView.swift in Sources */,
				FB063F122F56000200022763 /* TodosView.swift in Sources */,
				FB063F162F56000200022763 /* ShiftsRootView.swift in Sources */,
				FB063F0C2F56000200022764 /* DZStatusUpdateView.swift in Sources */,
				FB063F0E2F56000200022765 /* NotificationsView.swift in Sources */,
			);
			runOnlyForDeploymentPostprocessing = 0;
		};
/* End PBXSourcesBuildPhase section */

/* Begin XCBuildConfiguration section */
		FB367C582F510E6100FBAD05 /* Debug */ = {
			isa = XCBuildConfiguration;
			buildSettings = {
				ALWAYS_SEARCH_USER_PATHS = NO;
				ASSETCATALOG_COMPILER_GENERATE_SWIFT_ASSET_SYMBOL_EXTENSIONS = YES;
				CLANG_ANALYZER_NONNULL = YES;
				CLANG_ANALYZER_NUMBER_OBJECT_CONVERSION = YES_AGGRESSIVE;
				CLANG_CXX_LANGUAGE_STANDARD = "gnu++20";
				CLANG_ENABLE_MODULES = YES;
				CLANG_ENABLE_OBJC_ARC = YES;
				CLANG_ENABLE_OBJC_WEAK = YES;
				CLANG_WARN_BLOCK_CAPTURE_AUTORELEASING = YES;
				CLANG_WARN_BOOL_CONVERSION = YES;
				CLANG_WARN_COMMA = YES;
				CLANG_WARN_CONSTANT_CONVERSION = YES;
				CLANG_WARN_DEPRECATED_OBJC_IMPLEMENTATIONS = YES;
				CLANG_WARN_DIRECT_OBJC_ISA_USAGE = YES_ERROR;
				CLANG_WARN_DOCUMENTATION_COMMENTS = YES;
				CLANG_WARN_EMPTY_BODY = YES;
				CLANG_WARN_ENUM_CONVERSION = YES;
				CLANG_WARN_INFINITE_RECURSION = YES;
				CLANG_WARN_INT_CONVERSION = YES;
				CLANG_WARN_NON_LITERAL_NULL_CONVERSION = YES;
				CLANG_WARN_OBJC_IMPLICIT_RETAIN_SELF = YES;
				CLANG_WARN_OBJC_LITERAL_CONVERSION = YES;
				CLANG_WARN_OBJC_ROOT_CLASS = YES_ERROR;
				CLANG_WARN_QUOTED_INCLUDE_IN_FRAMEWORK_HEADER = YES;
				CLANG_WARN_RANGE_LOOP_ANALYSIS = YES;
				CLANG_WARN_STRICT_PROTOTYPES = YES;
				CLANG_WARN_SUSPICIOUS_MOVE = YES;
				CLANG_WARN_UNGUARDED_AVAILABILITY = YES_AGGRESSIVE;
				CLANG_WARN_UNREACHABLE_CODE = YES;
				CLANG_WARN__DUPLICATE_METHOD_MATCH = YES;
				COPY_PHASE_STRIP = NO;
				DEBUG_INFORMATION_FORMAT = dwarf;
				ENABLE_STRICT_OBJC_MSGSEND = YES;
				ENABLE_TESTABILITY = YES;
				ENABLE_USER_SCRIPT_SANDBOXING = YES;
				GCC_C_LANGUAGE_STANDARD = gnu17;
				GCC_DYNAMIC_NO_PIC = NO;
				GCC_NO_COMMON_BLOCKS = YES;
				GCC_OPTIMIZATION_LEVEL = 0;
				GCC_PREPROCESSOR_DEFINITIONS = (
					"DEBUG=1",
					"$(inherited)",
				);
				GCC_WARN_64_TO_32_BIT_CONVERSION = YES;
				GCC_WARN_ABOUT_RETURN_TYPE = YES_ERROR;
				GCC_WARN_UNDECLARED_SELECTOR = YES;
				GCC_WARN_UNINITIALIZED_AUTOS = YES_AGGRESSIVE;
				GCC_WARN_UNUSED_FUNCTION = YES;
				GCC_WARN_UNUSED_VARIABLE = YES;
				IPHONEOS_DEPLOYMENT_TARGET = 17.5;
				LOCALIZATION_PREFERS_STRING_CATALOGS = YES;
				MTL_ENABLE_DEBUG_INFO = INCLUDE_SOURCE;
				MTL_FAST_MATH = YES;
				ONLY_ACTIVE_ARCH = YES;
				SDKROOT = iphoneos;
				SWIFT_ACTIVE_COMPILATION_CONDITIONS = "DEBUG $(inherited)";
				SWIFT_OPTIMIZATION_LEVEL = "-Onone";
			};
			name = Debug;
		};
		FB367C592F510E6100FBAD05 /* Release */ = {
			isa = XCBuildConfiguration;
			buildSettings = {
				ALWAYS_SEARCH_USER_PATHS = NO;
				ASSETCATALOG_COMPILER_GENERATE_SWIFT_ASSET_SYMBOL_EXTENSIONS = YES;
				CLANG_ANALYZER_NONNULL = YES;
				CLANG_ANALYZER_NUMBER_OBJECT_CONVERSION = YES_AGGRESSIVE;
				CLANG_CXX_LANGUAGE_STANDARD = "gnu++20";
				CLANG_ENABLE_MODULES = YES;
				CLANG_ENABLE_OBJC_ARC = YES;
				CLANG_ENABLE_OBJC_WEAK = YES;
				CLANG_WARN_BLOCK_CAPTURE_AUTORELEASING = YES;
				CLANG_WARN_BOOL_CONVERSION = YES;
				CLANG_WARN_COMMA = YES;
				CLANG_WARN_CONSTANT_CONVERSION = YES;
				CLANG_WARN_DEPRECATED_OBJC_IMPLEMENTATIONS = YES;
				CLANG_WARN_DIRECT_OBJC_ISA_USAGE = YES_ERROR;
				CLANG_WARN_DOCUMENTATION_COMMENTS = YES;
				CLANG_WARN_EMPTY_BODY = YES;
				CLANG_WARN_ENUM_CONVERSION = YES;
				CLANG_WARN_INFINITE_RECURSION = YES;
				CLANG_WARN_INT_CONVERSION = YES;
				CLANG_WARN_NON_LITERAL_NULL_CONVERSION = YES;
				CLANG_WARN_OBJC_IMPLICIT_RETAIN_SELF = YES;
				CLANG_WARN_OBJC_LITERAL_CONVERSION = YES;
				CLANG_WARN_OBJC_ROOT_CLASS = YES_ERROR;
				CLANG_WARN_QUOTED_INCLUDE_IN_FRAMEWORK_HEADER = YES;
				CLANG_WARN_RANGE_LOOP_ANALYSIS = YES;
				CLANG_WARN_STRICT_PROTOTYPES = YES;
				CLANG_WARN_SUSPICIOUS_MOVE = YES;
				CLANG_WARN_UNGUARDED_AVAILABILITY = YES_AGGRESSIVE;
				CLANG_WARN_UNREACHABLE_CODE = YES;
				CLANG_WARN__DUPLICATE_METHOD_MATCH = YES;
				COPY_PHASE_STRIP = NO;
				DEBUG_INFORMATION_FORMAT = "dwarf-with-dsym";
				ENABLE_NS_ASSERTIONS = NO;
				ENABLE_STRICT_OBJC_MSGSEND = YES;
				ENABLE_USER_SCRIPT_SANDBOXING = YES;
				GCC_C_LANGUAGE_STANDARD = gnu17;
				GCC_NO_COMMON_BLOCKS = YES;
				GCC_WARN_64_TO_32_BIT_CONVERSION = YES;
				GCC_WARN_ABOUT_RETURN_TYPE = YES_ERROR;
				GCC_WARN_UNDECLARED_SELECTOR = YES;
				GCC_WARN_UNINITIALIZED_AUTOS = YES_AGGRESSIVE;
				GCC_WARN_UNUSED_FUNCTION = YES;
				GCC_WARN_UNUSED_VARIABLE = YES;
				IPHONEOS_DEPLOYMENT_TARGET = 17.5;
				LOCALIZATION_PREFERS_STRING_CATALOGS = YES;
				MTL_ENABLE_DEBUG_INFO = NO;
				MTL_FAST_MATH = YES;
				SDKROOT = iphoneos;
				SWIFT_COMPILATION_MODE = wholemodule;
				VALIDATE_PRODUCT = YES;
			};
			name = Release;
		};
		FB367C5B2F510E6100FBAD05 /* Debug */ = {
			isa = XCBuildConfiguration;
			buildSettings = {
				ASSETCATALOG_COMPILER_APPICON_NAME = AppIcon;
				ASSETCATALOG_COMPILER_GLOBAL_ACCENT_COLOR_NAME = AccentColor;
				CLANG_ENABLE_MODULES = YES;
				CODE_SIGN_ENTITLEMENTS = MalfunctionDZ/MalfunctionDZ.entitlements;
				CODE_SIGN_STYLE = Automatic;
				CURRENT_PROJECT_VERSION = 28;
				DEVELOPMENT_ASSET_PATHS = "\"MalfunctionDZ/Preview Content\"";
				DEVELOPMENT_TEAM = 8D9BFVLLPF;
				ENABLE_PREVIEWS = YES;
				GENERATE_INFOPLIST_FILE = YES;
				INFOPLIST_FILE = MalfunctionDZ/Info.plist;
				INFOPLIST_KEY_ITSAppUsesNonExemptEncryption = NO;
				INFOPLIST_KEY_NSAppTransportSecurity_NSAllowsArbitraryLoadsInWebContent = YES;
				INFOPLIST_KEY_UIApplicationSceneManifest_Generation = YES;
				INFOPLIST_KEY_UIApplicationSupportsIndirectInputEvents = YES;
				INFOPLIST_KEY_UILaunchScreen_Generation = YES;
				INFOPLIST_KEY_UISupportedInterfaceOrientations_iPad = "UIInterfaceOrientationPortrait UIInterfaceOrientationPortraitUpsideDown UIInterfaceOrientationLandscapeLeft UIInterfaceOrientationLandscapeRight";
				INFOPLIST_KEY_UISupportedInterfaceOrientations_iPhone = "UIInterfaceOrientationPortrait UIInterfaceOrientationLandscapeLeft UIInterfaceOrientationLandscapeRight";
				LD_RUNPATH_SEARCH_PATHS = (
					"$(inherited)",
					"@executable_path/Frameworks",
				);
				MARKETING_VERSION = 1.0;
				PRODUCT_BUNDLE_IDENTIFIER = com.malfunctiondz.app.MalfunctionDZ;
				PRODUCT_NAME = "$(TARGET_NAME)";
				SWIFT_EMIT_LOC_STRINGS = YES;
				SWIFT_OPTIMIZATION_LEVEL = "-Onone";
				SWIFT_VERSION = 5.0;
				TARGETED_DEVICE_FAMILY = "1,2";
			};
			name = Debug;
		};
		FB367C5C2F510E6100FBAD05 /* Release */ = {
			isa = XCBuildConfiguration;
			buildSettings = {
				ASSETCATALOG_COMPILER_APPICON_NAME = AppIcon;
				ASSETCATALOG_COMPILER_GLOBAL_ACCENT_COLOR_NAME = AccentColor;
				CLANG_ENABLE_MODULES = YES;
				CODE_SIGN_ENTITLEMENTS = MalfunctionDZ/MalfunctionDZ.entitlements;
				CODE_SIGN_STYLE = Automatic;
				CURRENT_PROJECT_VERSION = 28;
				DEVELOPMENT_ASSET_PATHS = "\"MalfunctionDZ/Preview Content\"";
				DEVELOPMENT_TEAM = 8D9BFVLLPF;
				ENABLE_PREVIEWS = YES;
				GENERATE_INFOPLIST_FILE = YES;
				INFOPLIST_FILE = MalfunctionDZ/Info.plist;
				INFOPLIST_KEY_ITSAppUsesNonExemptEncryption = NO;
				INFOPLIST_KEY_NSAppTransportSecurity_NSAllowsArbitraryLoadsInWebContent = YES;
				INFOPLIST_KEY_UIApplicationSceneManifest_Generation = YES;
				INFOPLIST_KEY_UIApplicationSupportsIndirectInputEvents = YES;
				INFOPLIST_KEY_UILaunchScreen_Generation = YES;
				INFOPLIST_KEY_UISupportedInterfaceOrientations_iPad = "UIInterfaceOrientationPortrait UIInterfaceOrientationPortraitUpsideDown UIInterfaceOrientationLandscapeLeft UIInterfaceOrientationLandscapeRight";
				INFOPLIST_KEY_UISupportedInterfaceOrientations_iPhone = "UIInterfaceOrientationPortrait UIInterfaceOrientationLandscapeLeft UIInterfaceOrientationLandscapeRight";
				LD_RUNPATH_SEARCH_PATHS = (
					"$(inherited)",
					"@executable_path/Frameworks",
				);
				MARKETING_VERSION = 1.0;
				PRODUCT_BUNDLE_IDENTIFIER = com.malfunctiondz.app.MalfunctionDZ;
				PRODUCT_NAME = "$(TARGET_NAME)";
				SWIFT_EMIT_LOC_STRINGS = YES;
				SWIFT_VERSION = 5.0;
				TARGETED_DEVICE_FAMILY = "1,2";
			};
			name = Release;
		};
/* End XCBuildConfiguration section */

/* Begin XCConfigurationList section */
		FB367C472F510E6000FBAD05 /* Build configuration list for PBXProject "MalfunctionDZ" */ = {
			isa = XCConfigurationList;
			buildConfigurations = (
				FB367C582F510E6100FBAD05 /* Debug */,
				FB367C592F510E6100FBAD05 /* Release */,
			);
			defaultConfigurationIsVisible = 0;
			defaultConfigurationName = Release;
		};
		FB367C5A2F510E6100FBAD05 /* Build configuration list for PBXNativeTarget "MalfunctionDZ" */ = {
			isa = XCConfigurationList;
			buildConfigurations = (
				FB367C5B2F510E6100FBAD05 /* Debug */,
				FB367C5C2F510E6100FBAD05 /* Release */,
			);
			defaultConfigurationIsVisible = 0;
			defaultConfigurationName = Release;
		};
/* End XCConfigurationList section */
	};
	rootObject = FB367C442F510E6000FBAD05 /* Project object */;
}
